
Microsoft Visual Studio Solution File, Format Version 12.00
# Visual Studio Version 17
VisualStudioVersion = 17.5.33424.131
MinimumVisualStudioVersion = 10.0.40219.1
Project("{9A19103F-16F7-4668-BE54-9A1E7A4F7556}") = "Mars-Rover.WebApp", "Mars-Rover\Mars-Rover.WebApp.csproj", "{D8C36D73-FC10-421A-85B8-A73A20044D2B}"
EndProject
Project("{9A19103F-16F7-4668-BE54-9A1E7A4F7556}") = "Mars-Rover.API", "Mars-Rover.API\Mars-Rover.API.csproj", "{C18E8321-6B37-4A8E-BAF8-3A8028360D85}"
EndProject
Project("{9A19103F-16F7-4668-BE54-9A1E7A4F7556}") = "Mars-Rover.Repository", "Mars-Rover.Repository\Mars-Rover.Repository.csproj", "{B623B47D-062F-4CB7-A6A2-810D3B6243B3}"
EndProject
Project("{9A19103F-16F7-4668-BE54-9A1E7A4F7556}") = "Mars-Rover.Services", "Mars-Rover.Services\Mars-Rover.Services.csproj", "{DE799098-92B4-4287-A76B-82B496E1400E}"
	ProjectSection(ProjectDependencies) = postProject
		{B623B47D-062F-4CB7-A6A2-810D3B6243B3} = {B623B47D-062F-4CB7-A6A2-810D3B6243B3}
	EndProjectSection
EndProject
Project("{E53339B2-1760-4266-BCC7-CA923CBCF16C}") = "docker-compose", "docker-compose.dcproj", "{DE43827D-63F0-4D8D-985A-660325E39D60}"
EndProject
Project("{FAE04EC0-301F-11D3-BF4B-00C04F79EFBC}") = "Mars-Rover.Test", "..\Mars-Rover.Test\Mars-Rover.Test.csproj", "{2DAE1277-D005-46E1-835B-C8249664EA36}"
	ProjectSection(ProjectDependencies) = postProject
		{DE799098-92B4-4287-A76B-82B496E1400E} = {DE799098-92B4-4287-A76B-82B496E1400E}
	EndProjectSection
EndProject
Global
	GlobalSection(SolutionConfigurationPlatforms) = preSolution
		Debug|Any CPU = Debug|Any CPU
		Release|Any CPU = Release|Any CPU
	EndGlobalSection
	GlobalSection(ProjectConfigurationPlatforms) = postSolution
		{D8C36D73-FC10-421A-85B8-A73A20044D2B}.Debug|Any CPU.ActiveCfg = Debug|Any CPU
		{D8C36D73-FC10-421A-85B8-A73A20044D2B}.Debug|Any CPU.Build.0 = Debug|Any CPU
		{D8C36D73-FC10-421A-85B8-A73A20044D2B}.Release|Any CPU.ActiveCfg = Release|Any CPU
		{D8C36D73-FC10-421A-85B8-A73A20044D2B}.Release|Any CPU.Build.0 = Release|Any CPU
		{C18E8321-6B37-4A8E-BAF8-3A8028360D85}.Debug|Any CPU.ActiveCfg = Debug|Any CPU
		{C18E8321-6B37-4A8E-BAF8-3A8028360D85}.Debug|Any CPU.Build.0 = Debug|Any CPU
		{C18E8321-6B37-4A8E-BAF8-3A8028360D85}.Release|Any CPU.ActiveCfg = Release|Any CPU
		{C18E8321-6B37-4A8E-BAF8-3A8028360D85}.Release|Any CPU.Build.0 = Release|Any CPU
		{B623B47D-062F-4CB7-A6A2-810D3B6243B3}.Debug|Any CPU.ActiveCfg = Debug|Any CPU
		{B623B47D-062F-4CB7-A6A2-810D3B6243B3}.Debug|Any CPU.Build.0 = Debug|Any CPU
		{B623B47D-062F-4CB7-A6A2-810D3B6243B3}.Release|Any CPU.ActiveCfg = Release|Any CPU
		{B623B47D-062F-4CB7-A6A2-810D3B6243B3}.Release|Any CPU.Build.0 = Release|Any CPU
		{DE799098-92B4-4287-A76B-82B496E1400E}.Debug|Any CPU.ActiveCfg = Debug|Any CPU
		{DE799098-92B4-4287-A76B-82B496E1400E}.Debug|Any CPU.Build.0 = Debug|Any CPU
		{DE799098-92B4-4287-A76B-82B496E1400E}.Release|Any CPU.ActiveCfg = Release|Any CPU
		{DE799098-92B4-4287-A76B-82B496E1400E}.Release|Any CPU.Build.0 = Release|Any CPU
		{DE43827D-63F0-4D8D-985A-660325E39D60}.Debug|Any CPU.ActiveCfg = Debug|Any CPU
		{DE43827D-63F0-4D8D-985A-660325E39D60}.Debug|Any CPU.Build.0 = Debug|Any CPU
		{DE43827D-63F0-4D8D-985A-660325E39D60}.Release|Any CPU.ActiveCfg = Release|Any CPU
		{DE43827D-63F0-4D8D-985A-660325E39D60}.Release|Any CPU.Build.0 = Release|Any CPU
		{2DAE1277-D005-46E1-835B-C8249664EA36}.Debug|Any CPU.ActiveCfg = Debug|Any CPU
		{2DAE1277-D005-46E1-835B-C8249664EA36}.Debug|Any CPU.Build.0 = Debug|Any CPU
		{2DAE1277-D005-46E1-835B-C8249664EA36}.Release|Any CPU.ActiveCfg = Release|Any CPU
		{2DAE1277-D005-46E1-835B-C8249664EA36}.Release|Any CPU.Build.0 = Release|Any CPU
	EndGlobalSection
	GlobalSection(SolutionProperties) = preSolution
		HideSolutionNode = FALSE
	EndGlobalSection
	GlobalSection(ExtensibilityGlobals) = postSolution
		SolutionGuid = {2BA2F541-ED12-4340-8054-456115169989}
	EndGlobalSection
EndGlobal
